
Microsoft Visual Studio Solution File, Format Version 12.00
# Visual Studio Version 16
VisualStudioVersion = 16.0.30320.27
MinimumVisualStudioVersion = 10.0.40219.1
Project("{FAE04EC0-301F-11D3-BF4B-00C04F79EFBC}") = "MusicVideoVS", "MusicVideoVS\MusicVideoVS.csproj", "{7939AF4A-EF91-436C-8A21-F56E25458892}"
EndProject
Global
	GlobalSection(SolutionConfigurationPlatforms) = preSolution
		Debug|Any CPU = Debug|Any CPU
		Release|Any CPU = Release|Any CPU
	EndGlobalSection
	GlobalSection(ProjectConfigurationPlatforms) = postSolution
		{7939AF4A-EF91-436C-8A21-F56E25458892}.Debug|Any CPU.ActiveCfg = Debug|Any CPU
		{7939AF4A-EF91-436C-8A21-F56E25458892}.Debug|Any CPU.Build.0 = Debug|Any CPU
		{7939AF4A-EF91-436C-8A21-F56E25458892}.Release|Any CPU.ActiveCfg = Release|Any CPU
		{7939AF4A-EF91-436C-8A21-F56E25458892}.Release|Any CPU.Build.0 = Release|Any CPU
	EndGlobalSection
	GlobalSection(SolutionProperties) = preSolution
		HideSolutionNode = FALSE
	EndGlobalSection
	GlobalSection(ExtensibilityGlobals) = postSolution
		SolutionGuid = {0C50AE12-D2D9-411D-8176-AB40EEF19126}
	EndGlobalSection
EndGlobal
